// !$*UTF8*$!
{
	archiveVersion = 1;
	classes = {
	};
	objectVersion = 55;
	objects = {

/* Begin PBXBuildFile section */
		7B6DA9A72800D23000D422E1 /* InteractiveBottomSheetApp.swift in Sources */ = {isa = PBXBuildFile; fileRef = 7B6DA9A62800D23000D422E1 /* InteractiveBottomSheetApp.swift */; };
		7B6DA9A92800D23000D422E1 /* ContentView.swift in Sources */ = {isa = PBXBuildFile; fileRef = 7B6DA9A82800D23000D422E1 /* ContentView.swift */; };
		7B6DA9AB2800D23200D422E1 /* Assets.xcassets in Resources */ = {isa = PBXBuildFile; fileRef = 7B6DA9AA2800D23200D422E1 /* Assets.xcassets */; };
		7B6DA9AE2800D23200D422E1 /* Preview Assets.xcassets in Resources */ = {isa = PBXBuildFile; fileRef = 7B6DA9AD2800D23200D422E1 /* Preview Assets.xcassets */; };
		7B6DA9B52800D2F900D422E1 /* BottomSheetContainerViewController.swift in Sources */ = {isa = PBXBuildFile; fileRef = 7B6DA9B42800D2F900D422E1 /* BottomSheetContainerViewController.swift */; };
		7B6DA9B72800FF2A00D422E1 /* WelcomeContainerViewController.swift in Sources */ = {isa = PBXBuildFile; fileRef = 7B6DA9B62800FF2A00D422E1 /* WelcomeContainerViewController.swift */; };
		7B6DA9B92800FFBD00D422E1 /* BottomSheet.swift in Sources */ = {isa = PBXBuildFile; fileRef = 7B6DA9B82800FFBD00D422E1 /* BottomSheet.swift */; };
		7B6DA9BB280100B900D422E1 /* HelloViewController.swift in Sources */ = {isa = PBXBuildFile; fileRef = 7B6DA9BA280100B900D422E1 /* HelloViewController.swift */; };
		7B6DA9BD2801012C00D422E1 /* MyCustomViewController.swift in Sources */ = {isa = PBXBuildFile; fileRef = 7B6DA9BC2801012C00D422E1 /* MyCustomViewController.swift */; };
/* End PBXBuildFile section */

/* Begin PBXFileReference section */
		7B6DA9A32800D23000D422E1 /* InteractiveBottomSheet.app */ = {isa = PBXFileReference; explicitFileType = wrapper.application; includeInIndex = 0; path = InteractiveBottomSheet.app; sourceTree = BUILT_PRODUCTS_DIR; };
		7B6DA9A62800D23000D422E1 /* InteractiveBottomSheetApp.swift */ = {isa = PBXFileReference; lastKnownFileType = sourcecode.swift; path = InteractiveBottomSheetApp.swift; sourceTree = "<group>"; };
		7B6DA9A82800D23000D422E1 /* ContentView.swift */ = {isa = PBXFileReference; lastKnownFileType = sourcecode.swift; path = ContentView.swift; sourceTree = "<group>"; };
		7B6DA9AA2800D23200D422E1 /* Assets.xcassets */ = {isa = PBXFileReference; lastKnownFileType = folder.assetcatalog; path = Assets.xcassets; sourceTree = "<group>"; };
		7B6DA9AD2800D23200D422E1 /* Preview Assets.xcassets */ = {isa = PBXFileReference; lastKnownFileType = folder.assetcatalog; path = "Preview Assets.xcassets"; sourceTree = "<group>"; };
		7B6DA9B42800D2F900D422E1 /* BottomSheetContainerViewController.swift */ = {isa = PBXFileReference; lastKnownFileType = sourcecode.swift; path = BottomSheetContainerViewController.swift; sourceTree = "<group>"; };
		7B6DA9B62800FF2A00D422E1 /* WelcomeContainerViewController.swift */ = {isa = PBXFileReference; lastKnownFileType = sourcecode.swift; path = WelcomeContainerViewController.swift; sourceTree = "<group>"; };
		7B6DA9B82800FFBD00D422E1 /* BottomSheet.swift */ = {isa = PBXFileReference; lastKnownFileType = sourcecode.swift; path = BottomSheet.swift; sourceTree = "<group>"; };
		7B6DA9BA280100B900D422E1 /* HelloViewController.swift */ = {isa = PBXFileReference; lastKnownFileType = sourcecode.swift; path = HelloViewController.swift; sourceTree = "<group>"; };
		7B6DA9BC2801012C00D422E1 /* MyCustomViewController.swift */ = {isa = PBXFileReference; lastKnownFileType = sourcecode.swift; path = MyCustomViewController.swift; sourceTree = "<group>"; };
/* End PBXFileReference section */

/* Begin PBXFrameworksBuildPhase section */
		7B6DA9A02800D23000D422E1 /* Frameworks */ = {
			isa = PBXFrameworksBuildPhase;
			buildActionMask = 2147483647;
			files = (
			);
			runOnlyForDeploymentPostprocessing = 0;
		};
/* End PBXFrameworksBuildPhase section */

/* Begin PBXGroup section */
		7B6DA99A2800D23000D422E1 = {
			isa = PBXGroup;
			children = (
				7B6DA9A52800D23000D422E1 /* InteractiveBottomSheet */,
				7B6DA9A42800D23000D422E1 /* Products */,
			);
			sourceTree = "<group>";
		};
		7B6DA9A42800D23000D422E1 /* Products */ = {
			isa = PBXGroup;
			children = (
				7B6DA9A32800D23000D422E1 /* InteractiveBottomSheet.app */,
			);
			name = Products;
			sourceTree = "<group>";
		};
		7B6DA9A52800D23000D422E1 /* InteractiveBottomSheet */ = {
			isa = PBXGroup;
			children = (
				7B6DA9B42800D2F900D422E1 /* BottomSheetContainerViewController.swift */,
				7B6DA9BA280100B900D422E1 /* HelloViewController.swift */,
				7B6DA9BC2801012C00D422E1 /* MyCustomViewController.swift */,
				7B6DA9B62800FF2A00D422E1 /* WelcomeContainerViewController.swift */,
				7B6DA9A62800D23000D422E1 /* InteractiveBottomSheetApp.swift */,
				7B6DA9A82800D23000D422E1 /* ContentView.swift */,
				7B6DA9B82800FFBD00D422E1 /* BottomSheet.swift */,
				7B6DA9AA2800D23200D422E1 /* Assets.xcassets */,
				7B6DA9AC2800D23200D422E1 /* Preview Content */,
			);
			path = InteractiveBottomSheet;
			sourceTree = "<group>";
		};
		7B6DA9AC2800D23200D422E1 /* Preview Content */ = {
			isa = PBXGroup;
			children = (
				7B6DA9AD2800D23200D422E1 /* Preview Assets.xcassets */,
			);
			path = "Preview Content";
			sourceTree = "<group>";
		};
/* End PBXGroup section */

/* Begin PBXNativeTarget section */
		7B6DA9A22800D23000D422E1 /* InteractiveBottomSheet */ = {
			isa = PBXNativeTarget;
			buildConfigurationList = 7B6DA9B12800D23200D422E1 /* Build configuration list for PBXNativeTarget "InteractiveBottomSheet" */;
			buildPhases = (
				7B6DA99F2800D23000D422E1 /* Sources */,
				7B6DA9A02800D23000D422E1 /* Frameworks */,
				7B6DA9A12800D23000D422E1 /* Resources */,
			);
			buildRules = (
			);
			dependencies = (
			);
			name = InteractiveBottomSheet;
			productName = InteractiveBottomSheet;
			productReference = 7B6DA9A32800D23000D422E1 /* InteractiveBottomSheet.app */;
			productType = "com.apple.product-type.application";
		};
/* End PBXNativeTarget section */

/* Begin PBXProject section */
		7B6DA99B2800D23000D422E1 /* Project object */ = {
			isa = PBXProject;
			attributes = {
				BuildIndependentTargetsInParallel = 1;
				LastSwiftUpdateCheck = 1330;
				LastUpgradeCheck = 1330;
				TargetAttributes = {
					7B6DA9A22800D23000D422E1 = {
						CreatedOnToolsVersion = 13.3;
					};
				};
			};
			buildConfigurationList = 7B6DA99E2800D23000D422E1 /* Build configuration list for PBXProject "InteractiveBottomSheet" */;
			compatibilityVersion = "Xcode 13.0";
			developmentRegion = en;
			hasScannedForEncodings = 0;
			knownRegions = (
				en,
				Base,
			);
			mainGroup = 7B6DA99A2800D23000D422E1;
			productRefGroup = 7B6DA9A42800D23000D422E1 /* Products */;
			projectDirPath = "";
			projectRoot = "";
			targets = (
				7B6DA9A22800D23000D422E1 /* InteractiveBottomSheet */,
			);
		};
/* End PBXProject section */

/* Begin PBXResourcesBuildPhase section */
		7B6DA9A12800D23000D422E1 /* Resources */ = {
			isa = PBXResourcesBuildPhase;
			buildActionMask = 2147483647;
			files = (
				7B6DA9AE2800D23200D422E1 /* Preview Assets.xcassets in Resources */,
				7B6DA9AB2800D23200D422E1 /* Assets.xcassets in Resources */,
			);
			runOnlyForDeploymentPostprocessing = 0;
		};
/* End PBXResourcesBuildPhase section */

/* Begin PBXSourcesBuildPhase section */
		7B6DA99F2800D23000D422E1 /* Sources */ = {
			isa = PBXSourcesBuildPhase;
			buildActionMask = 2147483647;
			files = (
				7B6DA9A92800D23000D422E1 /* ContentView.swift in Sources */,
				7B6DA9B92800FFBD00D422E1 /* BottomSheet.swift in Sources */,
				7B6DA9B72800FF2A00D422E1 /* WelcomeContainerViewController.swift in Sources */,
				7B6DA9BB280100B900D422E1 /* HelloViewController.swift in Sources */,
				7B6DA9BD2801012C00D422E1 /* MyCustomViewController.swift in Sources */,
				7B6DA9B52800D2F900D422E1 /* BottomSheetContainerViewController.swift in Sources */,
				7B6DA9A72800D23000D422E1 /* InteractiveBottomSheetApp.swift in Sources */,
			);
			runOnlyForDeploymentPostprocessing = 0;
		};
/* End PBXSourcesBuildPhase section */

/* Begin XCBuildConfiguration section */
		7B6DA9AF2800D23200D422E1 /* Debug */ = {
			isa = XCBuildConfiguration;
			buildSettings = {
				ALWAYS_SEARCH_USER_PATHS = NO;
				CLANG_ANALYZER_NONNULL = YES;
				CLANG_ANALYZER_NUMBER_OBJECT_CONVERSION = YES_AGGRESSIVE;
				CLANG_CXX_LANGUAGE_STANDARD = "gnu++17";
				CLANG_ENABLE_MODULES = YES;
				CLANG_ENABLE_OBJC_ARC = YES;
				CLANG_ENABLE_OBJC_WEAK = YES;
				CLANG_WARN_BLOCK_CAPTURE_AUTORELEASING = YES;
				CLANG_WARN_BOOL_CONVERSION = YES;
				CLANG_WARN_COMMA = YES;
				CLANG_WARN_CONSTANT_CONVERSION = YES;
				CLANG_WARN_DEPRECATED_OBJC_IMPLEMENTATIONS = YES;
				CLANG_WARN_DIRECT_OBJC_ISA_USAGE = YES_ERROR;
				CLANG_WARN_DOCUMENTATION_COMMENTS = YES;
				CLANG_WARN_EMPTY_BODY = YES;
				CLANG_WARN_ENUM_CONVERSION = YES;
				CLANG_WARN_INFINITE_RECURSION = YES;
				CLANG_WARN_INT_CONVERSION = YES;
				CLANG_WARN_NON_LITERAL_NULL_CONVERSION = YES;
				CLANG_WARN_OBJC_IMPLICIT_RETAIN_SELF = YES;
				CLANG_WARN_OBJC_LITERAL_CONVERSION = YES;
				CLANG_WARN_OBJC_ROOT_CLASS = YES_ERROR;
				CLANG_WARN_QUOTED_INCLUDE_IN_FRAMEWORK_HEADER = YES;
				CLANG_WARN_RANGE_LOOP_ANALYSIS = YES;
				CLANG_WARN_STRICT_PROTOTYPES = YES;
				CLANG_WARN_SUSPICIOUS_MOVE = YES;
				CLANG_WARN_UNGUARDED_AVAILABILITY = YES_AGGRESSIVE;
				CLANG_WARN_UNREACHABLE_CODE = YES;
				CLANG_WARN__DUPLICATE_METHOD_MATCH = YES;
				COPY_PHASE_STRIP = NO;
				DEBUG_INFORMATION_FORMAT = dwarf;
				ENABLE_STRICT_OBJC_MSGSEND = YES;
				ENABLE_TESTABILITY = YES;
				GCC_C_LANGUAGE_STANDARD = gnu11;
				GCC_DYNAMIC_NO_PIC = NO;
				GCC_NO_COMMON_BLOCKS = YES;
				GCC_OPTIMIZATION_LEVEL = 0;
				GCC_PREPROCESSOR_DEFINITIONS = (
					"DEBUG=1",
					"$(inherited)",
				);
				GCC_WARN_64_TO_32_BIT_CONVERSION = YES;
				GCC_WARN_ABOUT_RETURN_TYPE = YES_ERROR;
				GCC_WARN_UNDECLARED_SELECTOR = YES;
				GCC_WARN_UNINITIALIZED_AUTOS = YES_AGGRESSIVE;
				GCC_WARN_UNUSED_FUNCTION = YES;
				GCC_WARN_UNUSED_VARIABLE = YES;
				IPHONEOS_DEPLOYMENT_TARGET = 15.4;
				MTL_ENABLE_DEBUG_INFO = INCLUDE_SOURCE;
				MTL_FAST_MATH = YES;
				ONLY_ACTIVE_ARCH = YES;
				SDKROOT = iphoneos;
				SWIFT_ACTIVE_COMPILATION_CONDITIONS = DEBUG;
				SWIFT_OPTIMIZATION_LEVEL = "-Onone";
			};
			name = Debug;
		};
		7B6DA9B02800D23200D422E1 /* Release */ = {
			isa = XCBuildConfiguration;
			buildSettings = {
				ALWAYS_SEARCH_USER_PATHS = NO;
				CLANG_ANALYZER_NONNULL = YES;
				CLANG_ANALYZER_NUMBER_OBJECT_CONVERSION = YES_AGGRESSIVE;
				CLANG_CXX_LANGUAGE_STANDARD = "gnu++17";
				CLANG_ENABLE_MODULES = YES;
				CLANG_ENABLE_OBJC_ARC = YES;
				CLANG_ENABLE_OBJC_WEAK = YES;
				CLANG_WARN_BLOCK_CAPTURE_AUTORELEASING = YES;
				CLANG_WARN_BOOL_CONVERSION = YES;
				CLANG_WARN_COMMA = YES;
				CLANG_WARN_CONSTANT_CONVERSION = YES;
				CLANG_WARN_DEPRECATED_OBJC_IMPLEMENTATIONS = YES;
				CLANG_WARN_DIRECT_OBJC_ISA_USAGE = YES_ERROR;
				CLANG_WARN_DOCUMENTATION_COMMENTS = YES;
				CLANG_WARN_EMPTY_BODY = YES;
				CLANG_WARN_ENUM_CONVERSION = YES;
				CLANG_WARN_INFINITE_RECURSION = YES;
				CLANG_WARN_INT_CONVERSION = YES;
				CLANG_WARN_NON_LITERAL_NULL_CONVERSION = YES;
				CLANG_WARN_OBJC_IMPLICIT_RETAIN_SELF = YES;
				CLANG_WARN_OBJC_LITERAL_CONVERSION = YES;
				CLANG_WARN_OBJC_ROOT_CLASS = YES_ERROR;
				CLANG_WARN_QUOTED_INCLUDE_IN_FRAMEWORK_HEADER = YES;
				CLANG_WARN_RANGE_LOOP_ANALYSIS = YES;
				CLANG_WARN_STRICT_PROTOTYPES = YES;
				CLANG_WARN_SUSPICIOUS_MOVE = YES;
				CLANG_WARN_UNGUARDED_AVAILABILITY = YES_AGGRESSIVE;
				CLANG_WARN_UNREACHABLE_CODE = YES;
				CLANG_WARN__DUPLICATE_METHOD_MATCH = YES;
				COPY_PHASE_STRIP = NO;
				DEBUG_INFORMATION_FORMAT = "dwarf-with-dsym";
				ENABLE_NS_ASSERTIONS = NO;
				ENABLE_STRICT_OBJC_MSGSEND = YES;
				GCC_C_LANGUAGE_STANDARD = gnu11;
				GCC_NO_COMMON_BLOCKS = YES;
				GCC_WARN_64_TO_32_BIT_CONVERSION = YES;
				GCC_WARN_ABOUT_RETURN_TYPE = YES_ERROR;
				GCC_WARN_UNDECLARED_SELECTOR = YES;
				GCC_WARN_UNINITIALIZED_AUTOS = YES_AGGRESSIVE;
				GCC_WARN_UNUSED_FUNCTION = YES;
				GCC_WARN_UNUSED_VARIABLE = YES;
				IPHONEOS_DEPLOYMENT_TARGET = 15.4;
				MTL_ENABLE_DEBUG_INFO = NO;
				MTL_FAST_MATH = YES;
				SDKROOT = iphoneos;
				SWIFT_COMPILATION_MODE = wholemodule;
				SWIFT_OPTIMIZATION_LEVEL = "-O";
				VALIDATE_PRODUCT = YES;
			};
			name = Release;
		};
		7B6DA9B22800D23200D422E1 /* Debug */ = {
			isa = XCBuildConfiguration;
			buildSettings = {
				ASSETCATALOG_COMPILER_APPICON_NAME = AppIcon;
				ASSETCATALOG_COMPILER_GLOBAL_ACCENT_COLOR_NAME = AccentColor;
				CODE_SIGN_STYLE = Automatic;
				CURRENT_PROJECT_VERSION = 1;
				DEVELOPMENT_ASSET_PATHS = "\"InteractiveBottomSheet/Preview Content\"";
				ENABLE_PREVIEWS = YES;
				GENERATE_INFOPLIST_FILE = YES;
				INFOPLIST_KEY_UIApplicationSceneManifest_Generation = YES;
				INFOPLIST_KEY_UIApplicationSupportsIndirectInputEvents = YES;
				INFOPLIST_KEY_UILaunchScreen_Generation = YES;
				INFOPLIST_KEY_UISupportedInterfaceOrientations_iPad = "UIInterfaceOrientationPortrait UIInterfaceOrientationPortraitUpsideDown UIInterfaceOrientationLandscapeLeft UIInterfaceOrientationLandscapeRight";
				INFOPLIST_KEY_UISupportedInterfaceOrientations_iPhone = "UIInterfaceOrientationPortrait UIInterfaceOrientationLandscapeLeft UIInterfaceOrientationLandscapeRight";
				LD_RUNPATH_SEARCH_PATHS = (
					"$(inherited)",
					"@executable_path/Frameworks",
				);
				MARKETING_VERSION = 1.0;
				PRODUCT_BUNDLE_IDENTIFIER = Wanderson.InteractiveBottomSheet;
				PRODUCT_NAME = "$(TARGET_NAME)";
				SWIFT_EMIT_LOC_STRINGS = YES;
				SWIFT_VERSION = 5.0;
				TARGETED_DEVICE_FAMILY = "1,2";
			};
			name = Debug;
		};
		7B6DA9B32800D23200D422E1 /* Release */ = {
			isa = XCBuildConfiguration;
			buildSettings = {
				ASSETCATALOG_COMPILER_APPICON_NAME = AppIcon;
				ASSETCATALOG_COMPILER_GLOBAL_ACCENT_COLOR_NAME = AccentColor;
				CODE_SIGN_STYLE = Automatic;
				CURRENT_PROJECT_VERSION = 1;
				DEVELOPMENT_ASSET_PATHS = "\"InteractiveBottomSheet/Preview Content\"";
				ENABLE_PREVIEWS = YES;
				GENERATE_INFOPLIST_FILE = YES;
				INFOPLIST_KEY_UIApplicationSceneManifest_Generation = YES;
				INFOPLIST_KEY_UIApplicationSupportsIndirectInputEvents = YES;
				INFOPLIST_KEY_UILaunchScreen_Generation = YES;
				INFOPLIST_KEY_UISupportedInterfaceOrientations_iPad = "UIInterfaceOrientationPortrait UIInterfaceOrientationPortraitUpsideDown UIInterfaceOrientationLandscapeLeft UIInterfaceOrientationLandscapeRight";
				INFOPLIST_KEY_UISupportedInterfaceOrientations_iPhone = "UIInterfaceOrientationPortrait UIInterfaceOrientationLandscapeLeft UIInterfaceOrientationLandscapeRight";
				LD_RUNPATH_SEARCH_PATHS = (
					"$(inherited)",
					"@executable_path/Frameworks",
				);
				MARKETING_VERSION = 1.0;
				PRODUCT_BUNDLE_IDENTIFIER = Wanderson.InteractiveBottomSheet;
				PRODUCT_NAME = "$(TARGET_NAME)";
				SWIFT_EMIT_LOC_STRINGS = YES;
				SWIFT_VERSION = 5.0;
				TARGETED_DEVICE_FAMILY = "1,2";
			};
			name = Release;
		};
/* End XCBuildConfiguration section */

/* Begin XCConfigurationList section */
		7B6DA99E2800D23000D422E1 /* Build configuration list for PBXProject "InteractiveBottomSheet" */ = {
			isa = XCConfigurationList;
			buildConfigurations = (
				7B6DA9AF2800D23200D422E1 /* Debug */,
				7B6DA9B02800D23200D422E1 /* Release */,
			);
			defaultConfigurationIsVisible = 0;
			defaultConfigurationName = Release;
		};
		7B6DA9B12800D23200D422E1 /* Build configuration list for PBXNativeTarget "InteractiveBottomSheet" */ = {
			isa = XCConfigurationList;
			buildConfigurations = (
				7B6DA9B22800D23200D422E1 /* Debug */,
				7B6DA9B32800D23200D422E1 /* Release */,
			);
			defaultConfigurationIsVisible = 0;
			defaultConfigurationName = Release;
		};
/* End XCConfigurationList section */
	};
	rootObject = 7B6DA99B2800D23000D422E1 /* Project object */;
}
